
Microsoft Visual Studio Solution File, Format Version 12.00
# Visual Studio 2013
VisualStudioVersion = 12.0.30501.0
MinimumVisualStudioVersion = 10.0.40219.1
Project("{FAE04EC0-301F-11D3-BF4B-00C04F79EFBC}") = "MSBD", "MSBD\MSBD.csproj", "{C02EB8B6-1D22-488E-A6CB-59642907A932}"
EndProject
Global
	GlobalSection(SolutionConfigurationPlatforms) = preSolution
		Debug|Any CPU = Debug|Any CPU
		Release|Any CPU = Release|Any CPU
	EndGlobalSection
	GlobalSection(ProjectConfigurationPlatforms) = postSolution
		{C02EB8B6-1D22-488E-A6CB-59642907A932}.Debug|Any CPU.ActiveCfg = Debug|Any CPU
		{C02EB8B6-1D22-488E-A6CB-59642907A932}.Debug|Any CPU.Build.0 = Debug|Any CPU
		{C02EB8B6-1D22-488E-A6CB-59642907A932}.Release|Any CPU.ActiveCfg = Release|Any CPU
		{C02EB8B6-1D22-488E-A6CB-59642907A932}.Release|Any CPU.Build.0 = Release|Any CPU
	EndGlobalSection
	GlobalSection(SolutionProperties) = preSolution
		HideSolutionNode = FALSE
	EndGlobalSection
EndGlobal
